<?xml version="1.0" encoding="UTF-8" standalone="yes" ?>
<CodeBlocks_project_file>
	<FileVersion major="1" minor="6" />
	<Project>
		<Option title="ibutton_w1_driver" />
		<Option pch_mode="2" />
		<Option compiler="armelfgcc" />
		<Build>
			<Target title="Debug">
				<Option output="bin\Debug\ibutton_w1_driver" prefix_auto="1" extension_auto="1" />
				<Option object_output="obj\Debug\" />
				<Option type="1" />
				<Option compiler="armelfgcc" />
				<Compiler>
					<Add option="-g" />
					<Add option="-include AndroidConfig.h" />
					<Add option="-fpic" />
					<Add option="-ffunction-sections" />
					<Add option="-funwind-tables" />
					<Add option="-fstack-protector" />
					<Add option="-fno-short-enums" />
				</Compiler>
				<Linker>
					<Add option="-nostdlib -Bdynamic" />
					<Add option="-Wl,-T,armelf.x" />
					<Add option="-Wl,-dynamic-linker,/system/bin/linker" />
					<Add option="%ANDROID_NDK_HOME%\platforms\android-5\arch-arm\usr\lib\crtbegin_dynamic.o" />
					<Add option="%ANDROID_NDK_HOME%\platforms\android-5\arch-arm\usr\lib\crtend_android.o" />
					<Add library="c" />
					<Add library="dl" />
				</Linker>
			</Target>
			<Target title="Release">
				<Option output="bin\Release\ibutton_w1_driver" prefix_auto="1" extension_auto="1" />
				<Option object_output="obj\Release\" />
				<Option type="1" />
				<Option compiler="armelfgcc" />
				<Compiler>
					<Add option="-O2" />
					<Add option="-include AndroidConfig.h" />
					<Add option="-fpic" />
					<Add option="-ffunction-sections" />
					<Add option="-funwind-tables" />
					<Add option="-fstack-protector" />
					<Add option="-fno-short-enums" />
				</Compiler>
				<Linker>
					<Add option="-s" />
					<Add option="-nostdlib -Bdynamic" />
					<Add option="-Wl,-T,armelf.x" />
					<Add option="-Wl,-dynamic-linker,/system/bin/linker" />
					<Add option="%ANDROID_NDK_HOME%\platforms\android-5\arch-arm\usr\lib\crtbegin_dynamic.o" />
					<Add option="%ANDROID_NDK_HOME%\platforms\android-5\arch-arm\usr\lib\crtend_android.o" />
					<Add library="c" />
					<Add library="dl" />
				</Linker>
			</Target>
		</Build>
		<Compiler>
			<Add option="-Wall" />
		</Compiler>
		<Unit filename="Kconfig" />
		<Unit filename="Makefile" />
		<Unit filename="masters\Kconfig" />
		<Unit filename="masters\Makefile" />
		<Unit filename="masters\ds1wm.c">
			<Option compilerVar="CC" />
		</Unit>
		<Unit filename="masters\ds2482.c">
			<Option compilerVar="CC" />
		</Unit>
		<Unit filename="masters\ds2490.c">
			<Option compilerVar="CC" />
		</Unit>
		<Unit filename="masters\matrox_w1.c">
			<Option compilerVar="CC" />
		</Unit>
		<Unit filename="masters\mxc_w1.c">
			<Option compilerVar="CC" />
		</Unit>
		<Unit filename="masters\omap_hdq.c">
			<Option compilerVar="CC" />
		</Unit>
		<Unit filename="masters\w1-gpio.c">
			<Option compilerVar="CC" />
		</Unit>
		<Unit filename="slaves\Kconfig" />
		<Unit filename="slaves\Makefile" />
		<Unit filename="slaves\w1_bq27000.c">
			<Option compilerVar="CC" />
		</Unit>
		<Unit filename="slaves\w1_ds2431.c">
			<Option compilerVar="CC" />
		</Unit>
		<Unit filename="slaves\w1_ds2433.c">
			<Option compilerVar="CC" />
		</Unit>
		<Unit filename="slaves\w1_ds2760.c">
			<Option compilerVar="CC" />
		</Unit>
		<Unit filename="slaves\w1_ds2760.h" />
		<Unit filename="slaves\w1_smem.c">
			<Option compilerVar="CC" />
		</Unit>
		<Unit filename="slaves\w1_therm.c">
			<Option compilerVar="CC" />
		</Unit>
		<Unit filename="w1.c">
			<Option compilerVar="CC" />
		</Unit>
		<Unit filename="w1.h" />
		<Unit filename="w1_family.c">
			<Option compilerVar="CC" />
		</Unit>
		<Unit filename="w1_family.h" />
		<Unit filename="w1_int.c">
			<Option compilerVar="CC" />
		</Unit>
		<Unit filename="w1_int.h" />
		<Unit filename="w1_io.c">
			<Option compilerVar="CC" />
		</Unit>
		<Unit filename="w1_kernapp.c">
			<Option compilerVar="CC" />
		</Unit>
		<Unit filename="w1_log.h" />
		<Unit filename="w1_netlink.c">
			<Option compilerVar="CC" />
		</Unit>
		<Unit filename="w1_netlink.h" />
		<Extensions>
			<code_completion />
			<debugger />
			<lib_finder disable_auto="1" />
		</Extensions>
	</Project>
</CodeBlocks_project_file>
