<?xml version="1.0" encoding="UTF-8" standalone="yes" ?>
<CodeBlocks_project_file>
	<FileVersion major="1" minor="6" />
	<Project>
		<Option title="hardware_w1hal" />
		<Option pch_mode="2" />
		<Option compiler="armelfgcc" />
		<Build>
			<Target title="Debug">
				<Option output="bin\hardware_w1hal\Debug\hardware_w1hal" prefix_auto="1" extension_auto="1" />
				<Option object_output="obj\hardware_w1hal\Debug\" />
				<Option type="3" />
				<Option compiler="armelfgcc" />
				<Option createDefFile="1" />
				<Option createStaticLib="1" />
				<Compiler>
					<Add option="-Wall" />
					<Add option="-g" />
				</Compiler>
				<Linker>
					<Add library="user32" />
				</Linker>
			</Target>
			<Target title="Release">
				<Option output="bin\hardware_w1hal\Release\hardware_w1hal" prefix_auto="1" extension_auto="1" />
				<Option object_output="obj\hardware_w1hal\Release\" />
				<Option type="3" />
				<Option compiler="armelfgcc" />
				<Option createDefFile="1" />
				<Option createStaticLib="1" />
				<Compiler>
					<Add option="-Wall" />
					<Add option="-O2" />
				</Compiler>
				<Linker>
					<Add option="-s" />
					<Add library="user32" />
				</Linker>
			</Target>
		</Build>
		<Unit filename="src\hardware_w1hal\w1_hal.c">
			<Option compilerVar="CC" />
		</Unit>
		<Unit filename="src\hardware_w1hal\w1_hal.h" />
		<Extensions>
			<code_completion />
			<debugger />
			<lib_finder disable_auto="1" />
		</Extensions>
	</Project>
</CodeBlocks_project_file>
