<?xml version="1.0" encoding="UTF-8" standalone="yes" ?>
<CodeBlocks_project_file>
	<FileVersion major="1" minor="6" />
	<Project>
		<Option title="hardware_w1hal" />
		<Option pch_mode="2" />
		<Option compiler="armelfgcc" />
		<Build>
			<Target title="Debug">
				<Option output="bin\hardware_w1hal\Debug\hardware_w1hal" prefix_auto="1" extension_auto="1" />
				<Option object_output="obj\hardware_w1hal\Debug\" />
				<Option type="3" />
				<Option compiler="armelfgcc" />
				<Option createDefFile="1" />
				<Option createStaticLib="1" />
				<Compiler>
					<Add option="-Wall" />
					<Add option="-g" />
					<Add option="-include AndroidConfig.h" />
					<Add option="-fpic" />
					<Add option="-ffunction-sections" />
					<Add option="-funwind-tables" />
					<Add option="-fstack-protector" />
					<Add option="-fno-short-enums" />
				</Compiler>
				<Linker>
					<Add option="-nostdlib -Bdynamic" />
					<Add option="-Wl,-T,armelf.x" />
					<Add option="-Wl,-dynamic-linker,/system/bin/linker" />
					<Add option="%ANDROID_NDK_HOME%\platforms\android-5\arch-arm\usr\lib\crtbegin_dynamic.o" />
					<Add option="%ANDROID_NDK_HOME%\platforms\android-5\arch-arm\usr\lib\crtend_android.o" />
					<Add library="libc" />
					<Add library="libdl" />
					<Add library="libm" />
					<Add library="libstdc++" />
					<Add library="liblog" />
				</Linker>
			</Target>
			<Target title="Release">
				<Option output="bin\hardware_w1hal\Release\hardware_w1hal" prefix_auto="1" extension_auto="1" />
				<Option object_output="obj\hardware_w1hal\Release\" />
				<Option type="3" />
				<Option compiler="armelfgcc" />
				<Option createDefFile="1" />
				<Option createStaticLib="1" />
				<Compiler>
					<Add option="-O2" />
					<Add option="-include AndroidConfig.h" />
					<Add option="-fpic" />
					<Add option="-ffunction-sections" />
					<Add option="-funwind-tables" />
					<Add option="-fstack-protector" />
					<Add option="-fno-short-enums" />
					<Add option="-Wall" />
				</Compiler>
				<Linker>
					<Add option="-s" />
					<Add option="-nostdlib -Bdynamic" />
					<Add option="-Wl,-T,armelf.x" />
					<Add option="-Wl,-dynamic-linker,/system/bin/linker" />
					<Add option="%ANDROID_NDK_HOME%\platforms\android-5\arch-arm\usr\lib\crtbegin_dynamic.o" />
					<Add option="%ANDROID_NDK_HOME%\platforms\android-5\arch-arm\usr\lib\crtend_android.o" />
					<Add library="c" />
					<Add library="dl" />
					<Add library="m" />
					<Add library="log" />
					<Add library="stdc++" />
				</Linker>
			</Target>
		</Build>
		<Compiler>
			<Add option="-Wall" />
		</Compiler>
		<Unit filename="src\hardware_w1hal\w1_hal.c">
			<Option compilerVar="CC" />
		</Unit>
		<Unit filename="src\hardware_w1hal\w1_hal.cpp" />
		<Unit filename="src\hardware_w1hal\w1_hal.h" />
		<Unit filename="src\inc\kernel_connector.h" />
		<Unit filename="src\inc\sh_error.h" />
		<Unit filename="src\inc\sh_list.h" />
		<Unit filename="src\inc\sh_queue.h" />
		<Unit filename="src\inc\sh_thread.h" />
		<Unit filename="src\inc\sh_types.h" />
		<Unit filename="src\inc\sh_util.h" />
		<Unit filename="src\inc\w1_netlink_userservice.h" />
		<Unit filename="src\inc\w1_netlink_userspace.h" />
		<Extensions>
			<code_completion />
			<debugger />
			<lib_finder disable_auto="1" />
		</Extensions>
	</Project>
</CodeBlocks_project_file>
