<?xml version="1.0" encoding="UTF-8" standalone="yes" ?>
<CodeBlocks_project_file>
	<FileVersion major="1" minor="6" />
	<Project>
		<Option title="ibutton_owpd310r2_memutil" />
		<Option pch_mode="2" />
		<Option compiler="cygwin" />
		<Build>
			<Target title="Debug">
				<Option output="bin\Debug\ibutton_owpd310r2_memutil" prefix_auto="1" extension_auto="1" />
				<Option object_output="obj\Debug\" />
				<Option type="1" />
				<Option compiler="cygwin" />
				<Compiler>
					<Add option="-Wall" />
					<Add option="-g" />
					<Add option="-v" />
					<Add option="-mwindows" />
					<Add option="-IF:\ARM_BOARD_ANDROID\Workspace\android-ibutton-git\ibutton_owpd310r2\common" />
					<Add option="-IF:\ARM_BOARD_ANDROID\Workspace\android-ibutton-git\ibutton_owpd310r2\lib\userial\shared" />
					<Add option="-D__CYGWIN__" />
				</Compiler>
			</Target>
			<Target title="Release">
				<Option output="bin\Release\ibutton_owpd310r2_memutil" prefix_auto="1" extension_auto="1" />
				<Option object_output="obj\Release\" />
				<Option type="1" />
				<Option compiler="cygwin" />
				<Compiler>
					<Add option="-O2" />
					<Add option="-Wall" />
					<Add option="-v" />
					<Add option="-mwindows" />
					<Add option="-IF:\ARM_BOARD_ANDROID\Workspace\android-ibutton-git\ibutton_owpd310r2\common" />
					<Add option="-IF:\ARM_BOARD_ANDROID\Workspace\android-ibutton-git\ibutton_owpd310r2\lib\userial\shared" />
					<Add option="-D__CYGWIN__" />
				</Compiler>
			</Target>
		</Build>
		<Compiler>
			<Add option="-Wall" />
		</Compiler>
		<Unit filename="main.c">
			<Option compilerVar="CC" />
		</Unit>
		<Unit filename="memutil.c">
			<Option compilerVar="CC" />
		</Unit>
		<Unit filename="memutil.h" />
		<Unit filename="..\..\common\ReadMe.txt" />
		<Unit filename="..\..\common\atod20.c">
			<Option compilerVar="CC" />
		</Unit>
		<Unit filename="..\..\common\atod20.h" />
		<Unit filename="..\..\common\atod26.c">
			<Option compilerVar="CC" />
		</Unit>
		<Unit filename="..\..\common\atod26.h" />
		<Unit filename="..\..\common\cnt1d.c">
			<Option compilerVar="CC" />
		</Unit>
		<Unit filename="..\..\common\cnt1d.h" />
		<Unit filename="..\..\common\crcutil.c">
			<Option compilerVar="CC" />
		</Unit>
		<Unit filename="..\..\common\findtype.c">
			<Option compilerVar="CC" />
		</Unit>
		<Unit filename="..\..\common\findtype.h" />
		<Unit filename="..\..\common\humutil.c">
			<Option compilerVar="CC" />
		</Unit>
		<Unit filename="..\..\common\humutil.h" />
		<Unit filename="..\..\common\ibsha33.h" />
		<Unit filename="..\..\common\ioutil.c">
			<Option compilerVar="CC" />
		</Unit>
		<Unit filename="..\..\common\mbappreg.c">
			<Option compilerVar="CC" />
		</Unit>
		<Unit filename="..\..\common\mbappreg.h" />
		<Unit filename="..\..\common\mbee.c">
			<Option compilerVar="CC" />
		</Unit>
		<Unit filename="..\..\common\mbee.h" />
		<Unit filename="..\..\common\mbee77.c">
			<Option compilerVar="CC" />
		</Unit>
		<Unit filename="..\..\common\mbee77.h" />
		<Unit filename="..\..\common\mbeewp.c">
			<Option compilerVar="CC" />
		</Unit>
		<Unit filename="..\..\common\mbeewp.h" />
		<Unit filename="..\..\common\mbeprom.c">
			<Option compilerVar="CC" />
		</Unit>
		<Unit filename="..\..\common\mbeprom.h" />
		<Unit filename="..\..\common\mbnv.c">
			<Option compilerVar="CC" />
		</Unit>
		<Unit filename="..\..\common\mbnv.h" />
		<Unit filename="..\..\common\mbnvcrc.c">
			<Option compilerVar="CC" />
		</Unit>
		<Unit filename="..\..\common\mbnvcrc.h" />
		<Unit filename="..\..\common\mbscr.c">
			<Option compilerVar="CC" />
		</Unit>
		<Unit filename="..\..\common\mbscr.h" />
		<Unit filename="..\..\common\mbscrcrc.c">
			<Option compilerVar="CC" />
		</Unit>
		<Unit filename="..\..\common\mbscrcrc.h" />
		<Unit filename="..\..\common\mbscree.c">
			<Option compilerVar="CC" />
		</Unit>
		<Unit filename="..\..\common\mbscree.h" />
		<Unit filename="..\..\common\mbscrex.c">
			<Option compilerVar="CC" />
		</Unit>
		<Unit filename="..\..\common\mbscrex.h" />
		<Unit filename="..\..\common\mbscrx77.c">
			<Option compilerVar="CC" />
		</Unit>
		<Unit filename="..\..\common\mbscrx77.h" />
		<Unit filename="..\..\common\mbsha.c">
			<Option compilerVar="CC" />
		</Unit>
		<Unit filename="..\..\common\mbsha.h" />
		<Unit filename="..\..\common\mbshaee.c">
			<Option compilerVar="CC" />
		</Unit>
		<Unit filename="..\..\common\mbshaee.h" />
		<Unit filename="..\..\common\owcache.c">
			<Option compilerVar="CC" />
		</Unit>
		<Unit filename="..\..\common\owerr.c">
			<Option compilerVar="CC" />
		</Unit>
		<Unit filename="..\..\common\owfile.c">
			<Option compilerVar="CC" />
		</Unit>
		<Unit filename="..\..\common\owfile.h" />
		<Unit filename="..\..\common\ownet.h" />
		<Unit filename="..\..\common\owpgrw.c">
			<Option compilerVar="CC" />
		</Unit>
		<Unit filename="..\..\common\owprgm.c">
			<Option compilerVar="CC" />
		</Unit>
		<Unit filename="..\..\common\ps02.h" />
		<Unit filename="..\..\common\pw77.c">
			<Option compilerVar="CC" />
		</Unit>
		<Unit filename="..\..\common\pw77.h" />
		<Unit filename="..\..\common\rawmem.c">
			<Option compilerVar="CC" />
		</Unit>
		<Unit filename="..\..\common\rawmem.h" />
		<Unit filename="..\..\common\screenio.c">
			<Option compilerVar="CC" />
		</Unit>
		<Unit filename="..\..\common\sha18.c">
			<Option compilerVar="CC" />
		</Unit>
		<Unit filename="..\..\common\sha33.c">
			<Option compilerVar="CC" />
		</Unit>
		<Unit filename="..\..\common\shadebit.c">
			<Option compilerVar="CC" />
		</Unit>
		<Unit filename="..\..\common\shaib.c">
			<Option compilerVar="CC" />
		</Unit>
		<Unit filename="..\..\common\shaib.h" />
		<Unit filename="..\..\common\swt05.c">
			<Option compilerVar="CC" />
		</Unit>
		<Unit filename="..\..\common\swt05.h" />
		<Unit filename="..\..\common\swt12.c">
			<Option compilerVar="CC" />
		</Unit>
		<Unit filename="..\..\common\swt12.h" />
		<Unit filename="..\..\common\swt1C.c">
			<Option compilerVar="CC" />
		</Unit>
		<Unit filename="..\..\common\swt1C.h" />
		<Unit filename="..\..\common\swt1f.c">
			<Option compilerVar="CC" />
		</Unit>
		<Unit filename="..\..\common\swt1f.h" />
		<Unit filename="..\..\common\swt29.c">
			<Option compilerVar="CC" />
		</Unit>
		<Unit filename="..\..\common\swt29.h" />
		<Unit filename="..\..\common\swt3A.c">
			<Option compilerVar="CC" />
		</Unit>
		<Unit filename="..\..\common\swt3A.h" />
		<Unit filename="..\..\common\temp10.c">
			<Option compilerVar="CC" />
		</Unit>
		<Unit filename="..\..\common\temp10.h" />
		<Unit filename="..\..\common\thermo21.c">
			<Option compilerVar="CC" />
		</Unit>
		<Unit filename="..\..\common\thermo21.h" />
		<Unit filename="..\..\common\time04.h" />
		<Unit filename="..\..\common\weather.c">
			<Option compilerVar="CC" />
		</Unit>
		<Unit filename="..\..\common\weather.h" />
		<Unit filename="..\..\lib\userial\link\Win32\win32lnk.c">
			<Option compilerVar="CC" />
		</Unit>
		<Unit filename="..\..\lib\userial\shared\ds2480.h" />
		<Unit filename="..\..\lib\userial\shared\ds2480ut.c">
			<Option compilerVar="CC" />
		</Unit>
		<Unit filename="..\..\lib\userial\shared\owllu.c">
			<Option compilerVar="CC" />
		</Unit>
		<Unit filename="..\..\lib\userial\shared\ownetu.c">
			<Option compilerVar="CC" />
		</Unit>
		<Unit filename="..\..\lib\userial\shared\owsesu.c">
			<Option compilerVar="CC" />
		</Unit>
		<Unit filename="..\..\lib\userial\shared\owtrnu.c">
			<Option compilerVar="CC" />
		</Unit>
		<Extensions>
			<code_completion />
			<debugger />
			<lib_finder disable_auto="1" />
		</Extensions>
	</Project>
</CodeBlocks_project_file>
